// !$*UTF8*$!
{
	archiveVersion = 1;
	classes = {
	};
	objectVersion = 46;
	objects = {

/* Begin PBXBuildFile section */
		340524C11DE2F028005F8647 /* AppDelegate.swift in Sources */ = {isa = PBXBuildFile; fileRef = 340524C01DE2F028005F8647 /* AppDelegate.swift */; };
		340524C31DE2F028005F8647 /* RootViewController.swift in Sources */ = {isa = PBXBuildFile; fileRef = 340524C21DE2F028005F8647 /* RootViewController.swift */; };
		340524C51DE2F028005F8647 /* DataViewController.swift in Sources */ = {isa = PBXBuildFile; fileRef = 340524C41DE2F028005F8647 /* DataViewController.swift */; };
		340524C71DE2F028005F8647 /* ModelController.swift in Sources */ = {isa = PBXBuildFile; fileRef = 340524C61DE2F028005F8647 /* ModelController.swift */; };
		340524CA1DE2F028005F8647 /* Main.storyboard in Resources */ = {isa = PBXBuildFile; fileRef = 340524C81DE2F028005F8647 /* Main.storyboard */; };
		340524CC1DE2F028005F8647 /* Assets.xcassets in Resources */ = {isa = PBXBuildFile; fileRef = 340524CB1DE2F028005F8647 /* Assets.xcassets */; };
		340524CF1DE2F028005F8647 /* LaunchScreen.storyboard in Resources */ = {isa = PBXBuildFile; fileRef = 340524CD1DE2F028005F8647 /* LaunchScreen.storyboard */; };
		34CBE4991DEE9C9300EEAB97 /* SwiftFuncTest.swift in Sources */ = {isa = PBXBuildFile; fileRef = 34CBE4981DEE9C9200EEAB97 /* SwiftFuncTest.swift */; };
		34CBE49B1DEEB5DB00EEAB97 /* SwiftEnumTest.swift in Sources */ = {isa = PBXBuildFile; fileRef = 34CBE49A1DEEB5DB00EEAB97 /* SwiftEnumTest.swift */; };
		34CBE49D1DEEBDF600EEAB97 /* SwiftObjectOrientedTest.swift in Sources */ = {isa = PBXBuildFile; fileRef = 34CBE49C1DEEBDF600EEAB97 /* SwiftObjectOrientedTest.swift */; };
		34CBE49F1DEEE66300EEAB97 /* SwiftExtensionTest.swift in Sources */ = {isa = PBXBuildFile; fileRef = 34CBE49E1DEEE66300EEAB97 /* SwiftExtensionTest.swift */; };
		34CD98281DED4C1C00FA340C /* SwiftAttributeTest.swift in Sources */ = {isa = PBXBuildFile; fileRef = 34CD98271DED4C1C00FA340C /* SwiftAttributeTest.swift */; };
		34CD982A1DED6B2D00FA340C /* SwiftArrayTest.swift in Sources */ = {isa = PBXBuildFile; fileRef = 34CD98291DED6B2D00FA340C /* SwiftArrayTest.swift */; };
		34CD982C1DED84B500FA340C /* SwiftConditionTest.swift in Sources */ = {isa = PBXBuildFile; fileRef = 34CD982B1DED84B500FA340C /* SwiftConditionTest.swift */; };
/* End PBXBuildFile section */

/* Begin PBXFileReference section */
		340524BD1DE2F028005F8647 /* SwiftProject.app */ = {isa = PBXFileReference; explicitFileType = wrapper.application; includeInIndex = 0; path = SwiftProject.app; sourceTree = BUILT_PRODUCTS_DIR; };
		340524C01DE2F028005F8647 /* AppDelegate.swift */ = {isa = PBXFileReference; lastKnownFileType = sourcecode.swift; path = AppDelegate.swift; sourceTree = "<group>"; };
		340524C21DE2F028005F8647 /* RootViewController.swift */ = {isa = PBXFileReference; lastKnownFileType = sourcecode.swift; path = RootViewController.swift; sourceTree = "<group>"; };
		340524C41DE2F028005F8647 /* DataViewController.swift */ = {isa = PBXFileReference; lastKnownFileType = sourcecode.swift; path = DataViewController.swift; sourceTree = "<group>"; };
		340524C61DE2F028005F8647 /* ModelController.swift */ = {isa = PBXFileReference; lastKnownFileType = sourcecode.swift; path = ModelController.swift; sourceTree = "<group>"; };
		340524C91DE2F028005F8647 /* Base */ = {isa = PBXFileReference; lastKnownFileType = file.storyboard; name = Base; path = Base.lproj/Main.storyboard; sourceTree = "<group>"; };
		340524CB1DE2F028005F8647 /* Assets.xcassets */ = {isa = PBXFileReference; lastKnownFileType = folder.assetcatalog; path = Assets.xcassets; sourceTree = "<group>"; };
		340524CE1DE2F028005F8647 /* Base */ = {isa = PBXFileReference; lastKnownFileType = file.storyboard; name = Base; path = Base.lproj/LaunchScreen.storyboard; sourceTree = "<group>"; };
		340524D01DE2F028005F8647 /* Info.plist */ = {isa = PBXFileReference; lastKnownFileType = text.plist.xml; path = Info.plist; sourceTree = "<group>"; };
		34CBE4981DEE9C9200EEAB97 /* SwiftFuncTest.swift */ = {isa = PBXFileReference; fileEncoding = 4; lastKnownFileType = sourcecode.swift; path = SwiftFuncTest.swift; sourceTree = "<group>"; };
		34CBE49A1DEEB5DB00EEAB97 /* SwiftEnumTest.swift */ = {isa = PBXFileReference; fileEncoding = 4; lastKnownFileType = sourcecode.swift; path = SwiftEnumTest.swift; sourceTree = "<group>"; };
		34CBE49C1DEEBDF600EEAB97 /* SwiftObjectOrientedTest.swift */ = {isa = PBXFileReference; fileEncoding = 4; lastKnownFileType = sourcecode.swift; path = SwiftObjectOrientedTest.swift; sourceTree = "<group>"; };
		34CBE49E1DEEE66300EEAB97 /* SwiftExtensionTest.swift */ = {isa = PBXFileReference; fileEncoding = 4; lastKnownFileType = sourcecode.swift; path = SwiftExtensionTest.swift; sourceTree = "<group>"; };
		34CD98271DED4C1C00FA340C /* SwiftAttributeTest.swift */ = {isa = PBXFileReference; fileEncoding = 4; lastKnownFileType = sourcecode.swift; path = SwiftAttributeTest.swift; sourceTree = "<group>"; };
		34CD98291DED6B2D00FA340C /* SwiftArrayTest.swift */ = {isa = PBXFileReference; fileEncoding = 4; lastKnownFileType = sourcecode.swift; path = SwiftArrayTest.swift; sourceTree = "<group>"; };
		34CD982B1DED84B500FA340C /* SwiftConditionTest.swift */ = {isa = PBXFileReference; fileEncoding = 4; lastKnownFileType = sourcecode.swift; path = SwiftConditionTest.swift; sourceTree = "<group>"; };
/* End PBXFileReference section */

/* Begin PBXFrameworksBuildPhase section */
		340524BA1DE2F028005F8647 /* Frameworks */ = {
			isa = PBXFrameworksBuildPhase;
			buildActionMask = 2147483647;
			files = (
			);
			runOnlyForDeploymentPostprocessing = 0;
		};
/* End PBXFrameworksBuildPhase section */

/* Begin PBXGroup section */
		340524B41DE2F028005F8647 = {
			isa = PBXGroup;
			children = (
				340524BF1DE2F028005F8647 /* SwiftProject */,
				340524BE1DE2F028005F8647 /* Products */,
			);
			sourceTree = "<group>";
		};
		340524BE1DE2F028005F8647 /* Products */ = {
			isa = PBXGroup;
			children = (
				340524BD1DE2F028005F8647 /* SwiftProject.app */,
			);
			name = Products;
			sourceTree = "<group>";
		};
		340524BF1DE2F028005F8647 /* SwiftProject */ = {
			isa = PBXGroup;
			children = (
				3417618B1DE434EC00162E2E /* SwiftClasses(语法基础知识点) */,
				340524C01DE2F028005F8647 /* AppDelegate.swift */,
				340524C21DE2F028005F8647 /* RootViewController.swift */,
				340524C41DE2F028005F8647 /* DataViewController.swift */,
				340524C61DE2F028005F8647 /* ModelController.swift */,
				340524C81DE2F028005F8647 /* Main.storyboard */,
				340524CB1DE2F028005F8647 /* Assets.xcassets */,
				340524CD1DE2F028005F8647 /* LaunchScreen.storyboard */,
				340524D01DE2F028005F8647 /* Info.plist */,
			);
			path = SwiftProject;
			sourceTree = "<group>";
		};
		3417618B1DE434EC00162E2E /* SwiftClasses(语法基础知识点) */ = {
			isa = PBXGroup;
			children = (
				34CD98271DED4C1C00FA340C /* SwiftAttributeTest.swift */,
				34CD98291DED6B2D00FA340C /* SwiftArrayTest.swift */,
				34CD982B1DED84B500FA340C /* SwiftConditionTest.swift */,
				34CBE4981DEE9C9200EEAB97 /* SwiftFuncTest.swift */,
				34CBE49A1DEEB5DB00EEAB97 /* SwiftEnumTest.swift */,
				34CBE49C1DEEBDF600EEAB97 /* SwiftObjectOrientedTest.swift */,
				34CBE49E1DEEE66300EEAB97 /* SwiftExtensionTest.swift */,
			);
			name = "SwiftClasses(语法基础知识点)";
			path = Classes;
			sourceTree = "<group>";
		};
/* End PBXGroup section */

/* Begin PBXNativeTarget section */
		340524BC1DE2F028005F8647 /* SwiftProject */ = {
			isa = PBXNativeTarget;
			buildConfigurationList = 340524D31DE2F028005F8647 /* Build configuration list for PBXNativeTarget "SwiftProject" */;
			buildPhases = (
				340524B91DE2F028005F8647 /* Sources */,
				340524BA1DE2F028005F8647 /* Frameworks */,
				340524BB1DE2F028005F8647 /* Resources */,
			);
			buildRules = (
			);
			dependencies = (
			);
			name = SwiftProject;
			productName = SwiftProject;
			productReference = 340524BD1DE2F028005F8647 /* SwiftProject.app */;
			productType = "com.apple.product-type.application";
		};
/* End PBXNativeTarget section */

/* Begin PBXProject section */
		340524B51DE2F028005F8647 /* Project object */ = {
			isa = PBXProject;
			attributes = {
				LastSwiftUpdateCheck = 0810;
				LastUpgradeCheck = 0810;
				ORGANIZATIONNAME = wujunyang;
				TargetAttributes = {
					340524BC1DE2F028005F8647 = {
						CreatedOnToolsVersion = 8.1;
						ProvisioningStyle = Automatic;
					};
				};
			};
			buildConfigurationList = 340524B81DE2F028005F8647 /* Build configuration list for PBXProject "SwiftProject" */;
			compatibilityVersion = "Xcode 3.2";
			developmentRegion = English;
			hasScannedForEncodings = 0;
			knownRegions = (
				en,
				Base,
			);
			mainGroup = 340524B41DE2F028005F8647;
			productRefGroup = 340524BE1DE2F028005F8647 /* Products */;
			projectDirPath = "";
			projectRoot = "";
			targets = (
				340524BC1DE2F028005F8647 /* SwiftProject */,
			);
		};
/* End PBXProject section */

/* Begin PBXResourcesBuildPhase section */
		340524BB1DE2F028005F8647 /* Resources */ = {
			isa = PBXResourcesBuildPhase;
			buildActionMask = 2147483647;
			files = (
				340524CF1DE2F028005F8647 /* LaunchScreen.storyboard in Resources */,
				340524CC1DE2F028005F8647 /* Assets.xcassets in Resources */,
				340524CA1DE2F028005F8647 /* Main.storyboard in Resources */,
			);
			runOnlyForDeploymentPostprocessing = 0;
		};
/* End PBXResourcesBuildPhase section */

/* Begin PBXSourcesBuildPhase section */
		340524B91DE2F028005F8647 /* Sources */ = {
			isa = PBXSourcesBuildPhase;
			buildActionMask = 2147483647;
			files = (
				340524C31DE2F028005F8647 /* RootViewController.swift in Sources */,
				340524C71DE2F028005F8647 /* ModelController.swift in Sources */,
				34CD98281DED4C1C00FA340C /* SwiftAttributeTest.swift in Sources */,
				34CBE49F1DEEE66300EEAB97 /* SwiftExtensionTest.swift in Sources */,
				34CD982A1DED6B2D00FA340C /* SwiftArrayTest.swift in Sources */,
				34CBE49D1DEEBDF600EEAB97 /* SwiftObjectOrientedTest.swift in Sources */,
				34CD982C1DED84B500FA340C /* SwiftConditionTest.swift in Sources */,
				340524C51DE2F028005F8647 /* DataViewController.swift in Sources */,
				340524C11DE2F028005F8647 /* AppDelegate.swift in Sources */,
				34CBE4991DEE9C9300EEAB97 /* SwiftFuncTest.swift in Sources */,
				34CBE49B1DEEB5DB00EEAB97 /* SwiftEnumTest.swift in Sources */,
			);
			runOnlyForDeploymentPostprocessing = 0;
		};
/* End PBXSourcesBuildPhase section */

/* Begin PBXVariantGroup section */
		340524C81DE2F028005F8647 /* Main.storyboard */ = {
			isa = PBXVariantGroup;
			children = (
				340524C91DE2F028005F8647 /* Base */,
			);
			name = Main.storyboard;
			sourceTree = "<group>";
		};
		340524CD1DE2F028005F8647 /* LaunchScreen.storyboard */ = {
			isa = PBXVariantGroup;
			children = (
				340524CE1DE2F028005F8647 /* Base */,
			);
			name = LaunchScreen.storyboard;
			sourceTree = "<group>";
		};
/* End PBXVariantGroup section */

/* Begin XCBuildConfiguration section */
		340524D11DE2F028005F8647 /* Debug */ = {
			isa = XCBuildConfiguration;
			buildSettings = {
				ALWAYS_SEARCH_USER_PATHS = NO;
				CLANG_ANALYZER_NONNULL = YES;
				CLANG_CXX_LANGUAGE_STANDARD = "gnu++0x";
				CLANG_CXX_LIBRARY = "libc++";
				CLANG_ENABLE_MODULES = YES;
				CLANG_ENABLE_OBJC_ARC = YES;
				CLANG_WARN_BOOL_CONVERSION = YES;
				CLANG_WARN_CONSTANT_CONVERSION = YES;
				CLANG_WARN_DIRECT_OBJC_ISA_USAGE = YES_ERROR;
				CLANG_WARN_DOCUMENTATION_COMMENTS = YES;
				CLANG_WARN_EMPTY_BODY = YES;
				CLANG_WARN_ENUM_CONVERSION = YES;
				CLANG_WARN_INFINITE_RECURSION = YES;
				CLANG_WARN_INT_CONVERSION = YES;
				CLANG_WARN_OBJC_ROOT_CLASS = YES_ERROR;
				CLANG_WARN_SUSPICIOUS_MOVES = YES;
				CLANG_WARN_UNREACHABLE_CODE = YES;
				CLANG_WARN__DUPLICATE_METHOD_MATCH = YES;
				"CODE_SIGN_IDENTITY[sdk=iphoneos*]" = "iPhone Developer";
				COPY_PHASE_STRIP = NO;
				DEBUG_INFORMATION_FORMAT = dwarf;
				ENABLE_STRICT_OBJC_MSGSEND = YES;
				ENABLE_TESTABILITY = YES;
				GCC_C_LANGUAGE_STANDARD = gnu99;
				GCC_DYNAMIC_NO_PIC = NO;
				GCC_NO_COMMON_BLOCKS = YES;
				GCC_OPTIMIZATION_LEVEL = 0;
				GCC_PREPROCESSOR_DEFINITIONS = (
					"DEBUG=1",
					"$(inherited)",
				);
				GCC_WARN_64_TO_32_BIT_CONVERSION = YES;
				GCC_WARN_ABOUT_RETURN_TYPE = YES_ERROR;
				GCC_WARN_UNDECLARED_SELECTOR = YES;
				GCC_WARN_UNINITIALIZED_AUTOS = YES_AGGRESSIVE;
				GCC_WARN_UNUSED_FUNCTION = YES;
				GCC_WARN_UNUSED_VARIABLE = YES;
				IPHONEOS_DEPLOYMENT_TARGET = 10.1;
				MTL_ENABLE_DEBUG_INFO = YES;
				ONLY_ACTIVE_ARCH = YES;
				SDKROOT = iphoneos;
				SWIFT_ACTIVE_COMPILATION_CONDITIONS = DEBUG;
				SWIFT_OPTIMIZATION_LEVEL = "-Onone";
			};
			name = Debug;
		};
		340524D21DE2F028005F8647 /* Release */ = {
			isa = XCBuildConfiguration;
			buildSettings = {
				ALWAYS_SEARCH_USER_PATHS = NO;
				CLANG_ANALYZER_NONNULL = YES;
				CLANG_CXX_LANGUAGE_STANDARD = "gnu++0x";
				CLANG_CXX_LIBRARY = "libc++";
				CLANG_ENABLE_MODULES = YES;
				CLANG_ENABLE_OBJC_ARC = YES;
				CLANG_WARN_BOOL_CONVERSION = YES;
				CLANG_WARN_CONSTANT_CONVERSION = YES;
				CLANG_WARN_DIRECT_OBJC_ISA_USAGE = YES_ERROR;
				CLANG_WARN_DOCUMENTATION_COMMENTS = YES;
				CLANG_WARN_EMPTY_BODY = YES;
				CLANG_WARN_ENUM_CONVERSION = YES;
				CLANG_WARN_INFINITE_RECURSION = YES;
				CLANG_WARN_INT_CONVERSION = YES;
				CLANG_WARN_OBJC_ROOT_CLASS = YES_ERROR;
				CLANG_WARN_SUSPICIOUS_MOVES = YES;
				CLANG_WARN_UNREACHABLE_CODE = YES;
				CLANG_WARN__DUPLICATE_METHOD_MATCH = YES;
				"CODE_SIGN_IDENTITY[sdk=iphoneos*]" = "iPhone Developer";
				COPY_PHASE_STRIP = NO;
				DEBUG_INFORMATION_FORMAT = "dwarf-with-dsym";
				ENABLE_NS_ASSERTIONS = NO;
				ENABLE_STRICT_OBJC_MSGSEND = YES;
				GCC_C_LANGUAGE_STANDARD = gnu99;
				GCC_NO_COMMON_BLOCKS = YES;
				GCC_WARN_64_TO_32_BIT_CONVERSION = YES;
				GCC_WARN_ABOUT_RETURN_TYPE = YES_ERROR;
				GCC_WARN_UNDECLARED_SELECTOR = YES;
				GCC_WARN_UNINITIALIZED_AUTOS = YES_AGGRESSIVE;
				GCC_WARN_UNUSED_FUNCTION = YES;
				GCC_WARN_UNUSED_VARIABLE = YES;
				IPHONEOS_DEPLOYMENT_TARGET = 10.1;
				MTL_ENABLE_DEBUG_INFO = NO;
				SDKROOT = iphoneos;
				SWIFT_OPTIMIZATION_LEVEL = "-Owholemodule";
				VALIDATE_PRODUCT = YES;
			};
			name = Release;
		};
		340524D41DE2F028005F8647 /* Debug */ = {
			isa = XCBuildConfiguration;
			buildSettings = {
				ASSETCATALOG_COMPILER_APPICON_NAME = AppIcon;
				INFOPLIST_FILE = SwiftProject/Info.plist;
				LD_RUNPATH_SEARCH_PATHS = "$(inherited) @executable_path/Frameworks";
				PRODUCT_BUNDLE_IDENTIFIER = wjy.com.SwiftProject;
				PRODUCT_NAME = "$(TARGET_NAME)";
				SWIFT_VERSION = 3.0;
			};
			name = Debug;
		};
		340524D51DE2F028005F8647 /* Release */ = {
			isa = XCBuildConfiguration;
			buildSettings = {
				ASSETCATALOG_COMPILER_APPICON_NAME = AppIcon;
				INFOPLIST_FILE = SwiftProject/Info.plist;
				LD_RUNPATH_SEARCH_PATHS = "$(inherited) @executable_path/Frameworks";
				PRODUCT_BUNDLE_IDENTIFIER = wjy.com.SwiftProject;
				PRODUCT_NAME = "$(TARGET_NAME)";
				SWIFT_VERSION = 3.0;
			};
			name = Release;
		};
/* End XCBuildConfiguration section */

/* Begin XCConfigurationList section */
		340524B81DE2F028005F8647 /* Build configuration list for PBXProject "SwiftProject" */ = {
			isa = XCConfigurationList;
			buildConfigurations = (
				340524D11DE2F028005F8647 /* Debug */,
				340524D21DE2F028005F8647 /* Release */,
			);
			defaultConfigurationIsVisible = 0;
			defaultConfigurationName = Release;
		};
		340524D31DE2F028005F8647 /* Build configuration list for PBXNativeTarget "SwiftProject" */ = {
			isa = XCConfigurationList;
			buildConfigurations = (
				340524D41DE2F028005F8647 /* Debug */,
				340524D51DE2F028005F8647 /* Release */,
			);
			defaultConfigurationIsVisible = 0;
			defaultConfigurationName = Release;
		};
/* End XCConfigurationList section */
	};
	rootObject = 340524B51DE2F028005F8647 /* Project object */;
}
